// !$*UTF8*$!
{
	archiveVersion = 1;
	classes = {
	};
	objectVersion = 46;
	objects = {

/* Begin PBXBuildFile section */
		AEE3BC96D9DB0730040FE661 /* libPods.a in Frameworks */ = {isa = PBXBuildFile; fileRef = 46F19EADCC65EAE1C93A0823 /* libPods.a */; };
		BE774D761A71370100F1C5E0 /* main.m in Sources */ = {isa = PBXBuildFile; fileRef = BE774D751A71370100F1C5E0 /* main.m */; };
		BE774D791A71370100F1C5E0 /* AppDelegate.m in Sources */ = {isa = PBXBuildFile; fileRef = BE774D781A71370100F1C5E0 /* AppDelegate.m */; };
		BE774D7C1A71370100F1C5E0 /* ViewController.m in Sources */ = {isa = PBXBuildFile; fileRef = BE774D7B1A71370100F1C5E0 /* ViewController.m */; };
		BE774D7F1A71370100F1C5E0 /* Main.storyboard in Resources */ = {isa = PBXBuildFile; fileRef = BE774D7D1A71370100F1C5E0 /* Main.storyboard */; };
		BE774D811A71370100F1C5E0 /* Images.xcassets in Resources */ = {isa = PBXBuildFile; fileRef = BE774D801A71370100F1C5E0 /* Images.xcassets */; };
		BE774D841A71370100F1C5E0 /* LaunchScreen.xib in Resources */ = {isa = PBXBuildFile; fileRef = BE774D821A71370100F1C5E0 /* LaunchScreen.xib */; };
		BE774D901A71370100F1C5E0 /* JBAudioPlayerViewTests.m in Sources */ = {isa = PBXBuildFile; fileRef = BE774D8F1A71370100F1C5E0 /* JBAudioPlayerViewTests.m */; };
		BE774DA91A71377D00F1C5E0 /* JBAudioPlayerView.m in Sources */ = {isa = PBXBuildFile; fileRef = BE774DA21A71377D00F1C5E0 /* JBAudioPlayerView.m */; };
		BE80D1C21A7147C300F69F95 /* demo_pause_button.png in Resources */ = {isa = PBXBuildFile; fileRef = BE80D1BC1A7147C300F69F95 /* demo_pause_button.png */; };
		BE80D1C31A7147C300F69F95 /* demo_pause_button@2x.png in Resources */ = {isa = PBXBuildFile; fileRef = BE80D1BD1A7147C300F69F95 /* demo_pause_button@2x.png */; };
		BE80D1C41A7147C300F69F95 /* demo_pause_button@3x.png in Resources */ = {isa = PBXBuildFile; fileRef = BE80D1BE1A7147C300F69F95 /* demo_pause_button@3x.png */; };
		BE80D1C51A7147C300F69F95 /* demo_play_button.png in Resources */ = {isa = PBXBuildFile; fileRef = BE80D1BF1A7147C300F69F95 /* demo_play_button.png */; };
		BE80D1C61A7147C300F69F95 /* demo_play_button@2x.png in Resources */ = {isa = PBXBuildFile; fileRef = BE80D1C01A7147C300F69F95 /* demo_play_button@2x.png */; };
		BE80D1C71A7147C300F69F95 /* demo_play_button@3x.png in Resources */ = {isa = PBXBuildFile; fileRef = BE80D1C11A7147C300F69F95 /* demo_play_button@3x.png */; };
/* End PBXBuildFile section */

/* Begin PBXContainerItemProxy section */
		BE774D8A1A71370100F1C5E0 /* PBXContainerItemProxy */ = {
			isa = PBXContainerItemProxy;
			containerPortal = BE774D681A71370100F1C5E0 /* Project object */;
			proxyType = 1;
			remoteGlobalIDString = BE774D6F1A71370100F1C5E0;
			remoteInfo = JBAudioPlayerView;
		};
/* End PBXContainerItemProxy section */

/* Begin PBXFileReference section */
		46F19EADCC65EAE1C93A0823 /* libPods.a */ = {isa = PBXFileReference; explicitFileType = archive.ar; includeInIndex = 0; path = libPods.a; sourceTree = BUILT_PRODUCTS_DIR; };
		AA9C96D08BE751C319BBDB10 /* Pods.debug.xcconfig */ = {isa = PBXFileReference; includeInIndex = 1; lastKnownFileType = text.xcconfig; name = Pods.debug.xcconfig; path = "Pods/Target Support Files/Pods/Pods.debug.xcconfig"; sourceTree = "<group>"; };
		BE774D701A71370100F1C5E0 /* JBAudioPlayerView.app */ = {isa = PBXFileReference; explicitFileType = wrapper.application; includeInIndex = 0; path = JBAudioPlayerView.app; sourceTree = BUILT_PRODUCTS_DIR; };
		BE774D741A71370100F1C5E0 /* Info.plist */ = {isa = PBXFileReference; lastKnownFileType = text.plist.xml; path = Info.plist; sourceTree = "<group>"; };
		BE774D751A71370100F1C5E0 /* main.m */ = {isa = PBXFileReference; lastKnownFileType = sourcecode.c.objc; path = main.m; sourceTree = "<group>"; };
		BE774D771A71370100F1C5E0 /* AppDelegate.h */ = {isa = PBXFileReference; lastKnownFileType = sourcecode.c.h; path = AppDelegate.h; sourceTree = "<group>"; };
		BE774D781A71370100F1C5E0 /* AppDelegate.m */ = {isa = PBXFileReference; lastKnownFileType = sourcecode.c.objc; path = AppDelegate.m; sourceTree = "<group>"; };
		BE774D7A1A71370100F1C5E0 /* ViewController.h */ = {isa = PBXFileReference; lastKnownFileType = sourcecode.c.h; path = ViewController.h; sourceTree = "<group>"; };
		BE774D7B1A71370100F1C5E0 /* ViewController.m */ = {isa = PBXFileReference; lastKnownFileType = sourcecode.c.objc; path = ViewController.m; sourceTree = "<group>"; };
		BE774D7E1A71370100F1C5E0 /* Base */ = {isa = PBXFileReference; lastKnownFileType = file.storyboard; name = Base; path = Base.lproj/Main.storyboard; sourceTree = "<group>"; };
		BE774D801A71370100F1C5E0 /* Images.xcassets */ = {isa = PBXFileReference; lastKnownFileType = folder.assetcatalog; path = Images.xcassets; sourceTree = "<group>"; };
		BE774D831A71370100F1C5E0 /* Base */ = {isa = PBXFileReference; lastKnownFileType = file.xib; name = Base; path = Base.lproj/LaunchScreen.xib; sourceTree = "<group>"; };
		BE774D891A71370100F1C5E0 /* JBAudioPlayerViewTests.xctest */ = {isa = PBXFileReference; explicitFileType = wrapper.cfbundle; includeInIndex = 0; path = JBAudioPlayerViewTests.xctest; sourceTree = BUILT_PRODUCTS_DIR; };
		BE774D8E1A71370100F1C5E0 /* Info.plist */ = {isa = PBXFileReference; lastKnownFileType = text.plist.xml; path = Info.plist; sourceTree = "<group>"; };
		BE774D8F1A71370100F1C5E0 /* JBAudioPlayerViewTests.m */ = {isa = PBXFileReference; lastKnownFileType = sourcecode.c.objc; path = JBAudioPlayerViewTests.m; sourceTree = "<group>"; };
		BE774DA11A71377D00F1C5E0 /* JBAudioPlayerView.h */ = {isa = PBXFileReference; fileEncoding = 4; lastKnownFileType = sourcecode.c.h; path = JBAudioPlayerView.h; sourceTree = "<group>"; };
		BE774DA21A71377D00F1C5E0 /* JBAudioPlayerView.m */ = {isa = PBXFileReference; fileEncoding = 4; lastKnownFileType = sourcecode.c.objc; path = JBAudioPlayerView.m; sourceTree = "<group>"; };
		BE80D1BC1A7147C300F69F95 /* demo_pause_button.png */ = {isa = PBXFileReference; lastKnownFileType = image.png; path = demo_pause_button.png; sourceTree = "<group>"; };
		BE80D1BD1A7147C300F69F95 /* demo_pause_button@2x.png */ = {isa = PBXFileReference; lastKnownFileType = image.png; path = "demo_pause_button@2x.png"; sourceTree = "<group>"; };
		BE80D1BE1A7147C300F69F95 /* demo_pause_button@3x.png */ = {isa = PBXFileReference; lastKnownFileType = image.png; path = "demo_pause_button@3x.png"; sourceTree = "<group>"; };
		BE80D1BF1A7147C300F69F95 /* demo_play_button.png */ = {isa = PBXFileReference; lastKnownFileType = image.png; path = demo_play_button.png; sourceTree = "<group>"; };
		BE80D1C01A7147C300F69F95 /* demo_play_button@2x.png */ = {isa = PBXFileReference; lastKnownFileType = image.png; path = "demo_play_button@2x.png"; sourceTree = "<group>"; };
		BE80D1C11A7147C300F69F95 /* demo_play_button@3x.png */ = {isa = PBXFileReference; lastKnownFileType = image.png; path = "demo_play_button@3x.png"; sourceTree = "<group>"; };
		E875CECE4CA5DAAA1E846BAC /* Pods.release.xcconfig */ = {isa = PBXFileReference; includeInIndex = 1; lastKnownFileType = text.xcconfig; name = Pods.release.xcconfig; path = "Pods/Target Support Files/Pods/Pods.release.xcconfig"; sourceTree = "<group>"; };
/* End PBXFileReference section */

/* Begin PBXFrameworksBuildPhase section */
		BE774D6D1A71370100F1C5E0 /* Frameworks */ = {
			isa = PBXFrameworksBuildPhase;
			buildActionMask = 2147483647;
			files = (
				AEE3BC96D9DB0730040FE661 /* libPods.a in Frameworks */,
			);
			runOnlyForDeploymentPostprocessing = 0;
		};
		BE774D861A71370100F1C5E0 /* Frameworks */ = {
			isa = PBXFrameworksBuildPhase;
			buildActionMask = 2147483647;
			files = (
			);
			runOnlyForDeploymentPostprocessing = 0;
		};
/* End PBXFrameworksBuildPhase section */

/* Begin PBXGroup section */
		7F19E00B8BFCA43E8DBFBCED /* Frameworks */ = {
			isa = PBXGroup;
			children = (
				46F19EADCC65EAE1C93A0823 /* libPods.a */,
			);
			name = Frameworks;
			sourceTree = "<group>";
		};
		BE774D671A71370100F1C5E0 = {
			isa = PBXGroup;
			children = (
				BE774D721A71370100F1C5E0 /* JBAudioPlayerView */,
				BE774D8C1A71370100F1C5E0 /* JBAudioPlayerViewTests */,
				BE774D711A71370100F1C5E0 /* Products */,
				DD13C39BB19DC46E5E3D648E /* Pods */,
				7F19E00B8BFCA43E8DBFBCED /* Frameworks */,
			);
			sourceTree = "<group>";
		};
		BE774D711A71370100F1C5E0 /* Products */ = {
			isa = PBXGroup;
			children = (
				BE774D701A71370100F1C5E0 /* JBAudioPlayerView.app */,
				BE774D891A71370100F1C5E0 /* JBAudioPlayerViewTests.xctest */,
			);
			name = Products;
			sourceTree = "<group>";
		};
		BE774D721A71370100F1C5E0 /* JBAudioPlayerView */ = {
			isa = PBXGroup;
			children = (
				BE774D991A71377D00F1C5E0 /* JBAudioPlayerView */,
				BE774D771A71370100F1C5E0 /* AppDelegate.h */,
				BE774D781A71370100F1C5E0 /* AppDelegate.m */,
				BE774D7A1A71370100F1C5E0 /* ViewController.h */,
				BE774D7B1A71370100F1C5E0 /* ViewController.m */,
				BE774D7D1A71370100F1C5E0 /* Main.storyboard */,
				BE774D801A71370100F1C5E0 /* Images.xcassets */,
				BE774D821A71370100F1C5E0 /* LaunchScreen.xib */,
				BE774D731A71370100F1C5E0 /* Supporting Files */,
			);
			path = JBAudioPlayerView;
			sourceTree = "<group>";
		};
		BE774D731A71370100F1C5E0 /* Supporting Files */ = {
			isa = PBXGroup;
			children = (
				BE774D741A71370100F1C5E0 /* Info.plist */,
				BE774D751A71370100F1C5E0 /* main.m */,
			);
			name = "Supporting Files";
			sourceTree = "<group>";
		};
		BE774D8C1A71370100F1C5E0 /* JBAudioPlayerViewTests */ = {
			isa = PBXGroup;
			children = (
				BE774D8F1A71370100F1C5E0 /* JBAudioPlayerViewTests.m */,
				BE774D8D1A71370100F1C5E0 /* Supporting Files */,
			);
			path = JBAudioPlayerViewTests;
			sourceTree = "<group>";
		};
		BE774D8D1A71370100F1C5E0 /* Supporting Files */ = {
			isa = PBXGroup;
			children = (
				BE774D8E1A71370100F1C5E0 /* Info.plist */,
			);
			name = "Supporting Files";
			sourceTree = "<group>";
		};
		BE774D991A71377D00F1C5E0 /* JBAudioPlayerView */ = {
			isa = PBXGroup;
			children = (
				BE774D9A1A71377D00F1C5E0 /* Assets */,
				BE774DA11A71377D00F1C5E0 /* JBAudioPlayerView.h */,
				BE774DA21A71377D00F1C5E0 /* JBAudioPlayerView.m */,
			);
			path = JBAudioPlayerView;
			sourceTree = "<group>";
		};
		BE774D9A1A71377D00F1C5E0 /* Assets */ = {
			isa = PBXGroup;
			children = (
				BE80D1BC1A7147C300F69F95 /* demo_pause_button.png */,
				BE80D1BD1A7147C300F69F95 /* demo_pause_button@2x.png */,
				BE80D1BE1A7147C300F69F95 /* demo_pause_button@3x.png */,
				BE80D1BF1A7147C300F69F95 /* demo_play_button.png */,
				BE80D1C01A7147C300F69F95 /* demo_play_button@2x.png */,
				BE80D1C11A7147C300F69F95 /* demo_play_button@3x.png */,
			);
			path = Assets;
			sourceTree = "<group>";
		};
		DD13C39BB19DC46E5E3D648E /* Pods */ = {
			isa = PBXGroup;
			children = (
				AA9C96D08BE751C319BBDB10 /* Pods.debug.xcconfig */,
				E875CECE4CA5DAAA1E846BAC /* Pods.release.xcconfig */,
			);
			name = Pods;
			sourceTree = "<group>";
		};
/* End PBXGroup section */

/* Begin PBXNativeTarget section */
		BE774D6F1A71370100F1C5E0 /* JBAudioPlayerView */ = {
			isa = PBXNativeTarget;
			buildConfigurationList = BE774D931A71370100F1C5E0 /* Build configuration list for PBXNativeTarget "JBAudioPlayerView" */;
			buildPhases = (
				02C58802E253160B72879DE3 /* Check Pods Manifest.lock */,
				BE774D6C1A71370100F1C5E0 /* Sources */,
				BE774D6D1A71370100F1C5E0 /* Frameworks */,
				BE774D6E1A71370100F1C5E0 /* Resources */,
				50645DE7713BCDB591A53632 /* Copy Pods Resources */,
			);
			buildRules = (
			);
			dependencies = (
			);
			name = JBAudioPlayerView;
			productName = JBAudioPlayerView;
			productReference = BE774D701A71370100F1C5E0 /* JBAudioPlayerView.app */;
			productType = "com.apple.product-type.application";
		};
		BE774D881A71370100F1C5E0 /* JBAudioPlayerViewTests */ = {
			isa = PBXNativeTarget;
			buildConfigurationList = BE774D961A71370100F1C5E0 /* Build configuration list for PBXNativeTarget "JBAudioPlayerViewTests" */;
			buildPhases = (
				BE774D851A71370100F1C5E0 /* Sources */,
				BE774D861A71370100F1C5E0 /* Frameworks */,
				BE774D871A71370100F1C5E0 /* Resources */,
			);
			buildRules = (
			);
			dependencies = (
				BE774D8B1A71370100F1C5E0 /* PBXTargetDependency */,
			);
			name = JBAudioPlayerViewTests;
			productName = JBAudioPlayerViewTests;
			productReference = BE774D891A71370100F1C5E0 /* JBAudioPlayerViewTests.xctest */;
			productType = "com.apple.product-type.bundle.unit-test";
		};
/* End PBXNativeTarget section */

/* Begin PBXProject section */
		BE774D681A71370100F1C5E0 /* Project object */ = {
			isa = PBXProject;
			attributes = {
				LastUpgradeCheck = 0610;
				ORGANIZATIONNAME = "Josip Bernat";
				TargetAttributes = {
					BE774D6F1A71370100F1C5E0 = {
						CreatedOnToolsVersion = 6.1.1;
					};
					BE774D881A71370100F1C5E0 = {
						CreatedOnToolsVersion = 6.1.1;
						TestTargetID = BE774D6F1A71370100F1C5E0;
					};
				};
			};
			buildConfigurationList = BE774D6B1A71370100F1C5E0 /* Build configuration list for PBXProject "JBAudioPlayerView" */;
			compatibilityVersion = "Xcode 3.2";
			developmentRegion = English;
			hasScannedForEncodings = 0;
			knownRegions = (
				en,
				Base,
			);
			mainGroup = BE774D671A71370100F1C5E0;
			productRefGroup = BE774D711A71370100F1C5E0 /* Products */;
			projectDirPath = "";
			projectRoot = "";
			targets = (
				BE774D6F1A71370100F1C5E0 /* JBAudioPlayerView */,
				BE774D881A71370100F1C5E0 /* JBAudioPlayerViewTests */,
			);
		};
/* End PBXProject section */

/* Begin PBXResourcesBuildPhase section */
		BE774D6E1A71370100F1C5E0 /* Resources */ = {
			isa = PBXResourcesBuildPhase;
			buildActionMask = 2147483647;
			files = (
				BE774D7F1A71370100F1C5E0 /* Main.storyboard in Resources */,
				BE80D1C61A7147C300F69F95 /* demo_play_button@2x.png in Resources */,
				BE80D1C51A7147C300F69F95 /* demo_play_button.png in Resources */,
				BE80D1C31A7147C300F69F95 /* demo_pause_button@2x.png in Resources */,
				BE80D1C71A7147C300F69F95 /* demo_play_button@3x.png in Resources */,
				BE80D1C21A7147C300F69F95 /* demo_pause_button.png in Resources */,
				BE80D1C41A7147C300F69F95 /* demo_pause_button@3x.png in Resources */,
				BE774D841A71370100F1C5E0 /* LaunchScreen.xib in Resources */,
				BE774D811A71370100F1C5E0 /* Images.xcassets in Resources */,
			);
			runOnlyForDeploymentPostprocessing = 0;
		};
		BE774D871A71370100F1C5E0 /* Resources */ = {
			isa = PBXResourcesBuildPhase;
			buildActionMask = 2147483647;
			files = (
			);
			runOnlyForDeploymentPostprocessing = 0;
		};
/* End PBXResourcesBuildPhase section */

/* Begin PBXShellScriptBuildPhase section */
		02C58802E253160B72879DE3 /* Check Pods Manifest.lock */ = {
			isa = PBXShellScriptBuildPhase;
			buildActionMask = 2147483647;
			files = (
			);
			inputPaths = (
			);
			name = "Check Pods Manifest.lock";
			outputPaths = (
			);
			runOnlyForDeploymentPostprocessing = 0;
			shellPath = /bin/sh;
			shellScript = "diff \"${PODS_ROOT}/../Podfile.lock\" \"${PODS_ROOT}/Manifest.lock\" > /dev/null\nif [[ $? != 0 ]] ; then\n    cat << EOM\nerror: The sandbox is not in sync with the Podfile.lock. Run 'pod install' or update your CocoaPods installation.\nEOM\n    exit 1\nfi\n";
			showEnvVarsInLog = 0;
		};
		50645DE7713BCDB591A53632 /* Copy Pods Resources */ = {
			isa = PBXShellScriptBuildPhase;
			buildActionMask = 2147483647;
			files = (
			);
			inputPaths = (
			);
			name = "Copy Pods Resources";
			outputPaths = (
			);
			runOnlyForDeploymentPostprocessing = 0;
			shellPath = /bin/sh;
			shellScript = "\"${SRCROOT}/Pods/Target Support Files/Pods/Pods-resources.sh\"\n";
			showEnvVarsInLog = 0;
		};
/* End PBXShellScriptBuildPhase section */

/* Begin PBXSourcesBuildPhase section */
		BE774D6C1A71370100F1C5E0 /* Sources */ = {
			isa = PBXSourcesBuildPhase;
			buildActionMask = 2147483647;
			files = (
				BE774DA91A71377D00F1C5E0 /* JBAudioPlayerView.m in Sources */,
				BE774D7C1A71370100F1C5E0 /* ViewController.m in Sources */,
				BE774D791A71370100F1C5E0 /* AppDelegate.m in Sources */,
				BE774D761A71370100F1C5E0 /* main.m in Sources */,
			);
			runOnlyForDeploymentPostprocessing = 0;
		};
		BE774D851A71370100F1C5E0 /* Sources */ = {
			isa = PBXSourcesBuildPhase;
			buildActionMask = 2147483647;
			files = (
				BE774D901A71370100F1C5E0 /* JBAudioPlayerViewTests.m in Sources */,
			);
			runOnlyForDeploymentPostprocessing = 0;
		};
/* End PBXSourcesBuildPhase section */

/* Begin PBXTargetDependency section */
		BE774D8B1A71370100F1C5E0 /* PBXTargetDependency */ = {
			isa = PBXTargetDependency;
			target = BE774D6F1A71370100F1C5E0 /* JBAudioPlayerView */;
			targetProxy = BE774D8A1A71370100F1C5E0 /* PBXContainerItemProxy */;
		};
/* End PBXTargetDependency section */

/* Begin PBXVariantGroup section */
		BE774D7D1A71370100F1C5E0 /* Main.storyboard */ = {
			isa = PBXVariantGroup;
			children = (
				BE774D7E1A71370100F1C5E0 /* Base */,
			);
			name = Main.storyboard;
			sourceTree = "<group>";
		};
		BE774D821A71370100F1C5E0 /* LaunchScreen.xib */ = {
			isa = PBXVariantGroup;
			children = (
				BE774D831A71370100F1C5E0 /* Base */,
			);
			name = LaunchScreen.xib;
			sourceTree = "<group>";
		};
/* End PBXVariantGroup section */

/* Begin XCBuildConfiguration section */
		BE774D911A71370100F1C5E0 /* Debug */ = {
			isa = XCBuildConfiguration;
			buildSettings = {
				ALWAYS_SEARCH_USER_PATHS = NO;
				CLANG_CXX_LANGUAGE_STANDARD = "gnu++0x";
				CLANG_CXX_LIBRARY = "libc++";
				CLANG_ENABLE_MODULES = YES;
				CLANG_ENABLE_OBJC_ARC = YES;
				CLANG_WARN_BOOL_CONVERSION = YES;
				CLANG_WARN_CONSTANT_CONVERSION = YES;
				CLANG_WARN_DIRECT_OBJC_ISA_USAGE = YES_ERROR;
				CLANG_WARN_EMPTY_BODY = YES;
				CLANG_WARN_ENUM_CONVERSION = YES;
				CLANG_WARN_INT_CONVERSION = YES;
				CLANG_WARN_OBJC_ROOT_CLASS = YES_ERROR;
				CLANG_WARN_UNREACHABLE_CODE = YES;
				CLANG_WARN__DUPLICATE_METHOD_MATCH = YES;
				"CODE_SIGN_IDENTITY[sdk=iphoneos*]" = "iPhone Developer";
				COPY_PHASE_STRIP = NO;
				ENABLE_STRICT_OBJC_MSGSEND = YES;
				GCC_C_LANGUAGE_STANDARD = gnu99;
				GCC_DYNAMIC_NO_PIC = NO;
				GCC_OPTIMIZATION_LEVEL = 0;
				GCC_PREPROCESSOR_DEFINITIONS = (
					"DEBUG=1",
					"$(inherited)",
				);
				GCC_SYMBOLS_PRIVATE_EXTERN = NO;
				GCC_WARN_64_TO_32_BIT_CONVERSION = YES;
				GCC_WARN_ABOUT_RETURN_TYPE = YES_ERROR;
				GCC_WARN_UNDECLARED_SELECTOR = YES;
				GCC_WARN_UNINITIALIZED_AUTOS = YES_AGGRESSIVE;
				GCC_WARN_UNUSED_FUNCTION = YES;
				GCC_WARN_UNUSED_VARIABLE = YES;
				IPHONEOS_DEPLOYMENT_TARGET = 8.1;
				MTL_ENABLE_DEBUG_INFO = YES;
				ONLY_ACTIVE_ARCH = YES;
				SDKROOT = iphoneos;
			};
			name = Debug;
		};
		BE774D921A71370100F1C5E0 /* Release */ = {
			isa = XCBuildConfiguration;
			buildSettings = {
				ALWAYS_SEARCH_USER_PATHS = NO;
				CLANG_CXX_LANGUAGE_STANDARD = "gnu++0x";
				CLANG_CXX_LIBRARY = "libc++";
				CLANG_ENABLE_MODULES = YES;
				CLANG_ENABLE_OBJC_ARC = YES;
				CLANG_WARN_BOOL_CONVERSION = YES;
				CLANG_WARN_CONSTANT_CONVERSION = YES;
				CLANG_WARN_DIRECT_OBJC_ISA_USAGE = YES_ERROR;
				CLANG_WARN_EMPTY_BODY = YES;
				CLANG_WARN_ENUM_CONVERSION = YES;
				CLANG_WARN_INT_CONVERSION = YES;
				CLANG_WARN_OBJC_ROOT_CLASS = YES_ERROR;
				CLANG_WARN_UNREACHABLE_CODE = YES;
				CLANG_WARN__DUPLICATE_METHOD_MATCH = YES;
				"CODE_SIGN_IDENTITY[sdk=iphoneos*]" = "iPhone Developer";
				COPY_PHASE_STRIP = YES;
				ENABLE_NS_ASSERTIONS = NO;
				ENABLE_STRICT_OBJC_MSGSEND = YES;
				GCC_C_LANGUAGE_STANDARD = gnu99;
				GCC_WARN_64_TO_32_BIT_CONVERSION = YES;
				GCC_WARN_ABOUT_RETURN_TYPE = YES_ERROR;
				GCC_WARN_UNDECLARED_SELECTOR = YES;
				GCC_WARN_UNINITIALIZED_AUTOS = YES_AGGRESSIVE;
				GCC_WARN_UNUSED_FUNCTION = YES;
				GCC_WARN_UNUSED_VARIABLE = YES;
				IPHONEOS_DEPLOYMENT_TARGET = 8.1;
				MTL_ENABLE_DEBUG_INFO = NO;
				SDKROOT = iphoneos;
				VALIDATE_PRODUCT = YES;
			};
			name = Release;
		};
		BE774D941A71370100F1C5E0 /* Debug */ = {
			isa = XCBuildConfiguration;
			baseConfigurationReference = AA9C96D08BE751C319BBDB10 /* Pods.debug.xcconfig */;
			buildSettings = {
				ASSETCATALOG_COMPILER_APPICON_NAME = AppIcon;
				INFOPLIST_FILE = JBAudioPlayerView/Info.plist;
				LD_RUNPATH_SEARCH_PATHS = "$(inherited) @executable_path/Frameworks";
				PRODUCT_NAME = "$(TARGET_NAME)";
			};
			name = Debug;
		};
		BE774D951A71370100F1C5E0 /* Release */ = {
			isa = XCBuildConfiguration;
			baseConfigurationReference = E875CECE4CA5DAAA1E846BAC /* Pods.release.xcconfig */;
			buildSettings = {
				ASSETCATALOG_COMPILER_APPICON_NAME = AppIcon;
				INFOPLIST_FILE = JBAudioPlayerView/Info.plist;
				LD_RUNPATH_SEARCH_PATHS = "$(inherited) @executable_path/Frameworks";
				PRODUCT_NAME = "$(TARGET_NAME)";
			};
			name = Release;
		};
		BE774D971A71370100F1C5E0 /* Debug */ = {
			isa = XCBuildConfiguration;
			buildSettings = {
				BUNDLE_LOADER = "$(TEST_HOST)";
				FRAMEWORK_SEARCH_PATHS = (
					"$(SDKROOT)/Developer/Library/Frameworks",
					"$(inherited)",
				);
				GCC_PREPROCESSOR_DEFINITIONS = (
					"DEBUG=1",
					"$(inherited)",
				);
				INFOPLIST_FILE = JBAudioPlayerViewTests/Info.plist;
				LD_RUNPATH_SEARCH_PATHS = "$(inherited) @executable_path/Frameworks @loader_path/Frameworks";
				PRODUCT_NAME = "$(TARGET_NAME)";
				TEST_HOST = "$(BUILT_PRODUCTS_DIR)/JBAudioPlayerView.app/JBAudioPlayerView";
			};
			name = Debug;
		};
		BE774D981A71370100F1C5E0 /* Release */ = {
			isa = XCBuildConfiguration;
			buildSettings = {
				BUNDLE_LOADER = "$(TEST_HOST)";
				FRAMEWORK_SEARCH_PATHS = (
					"$(SDKROOT)/Developer/Library/Frameworks",
					"$(inherited)",
				);
				INFOPLIST_FILE = JBAudioPlayerViewTests/Info.plist;
				LD_RUNPATH_SEARCH_PATHS = "$(inherited) @executable_path/Frameworks @loader_path/Frameworks";
				PRODUCT_NAME = "$(TARGET_NAME)";
				TEST_HOST = "$(BUILT_PRODUCTS_DIR)/JBAudioPlayerView.app/JBAudioPlayerView";
			};
			name = Release;
		};
/* End XCBuildConfiguration section */

/* Begin XCConfigurationList section */
		BE774D6B1A71370100F1C5E0 /* Build configuration list for PBXProject "JBAudioPlayerView" */ = {
			isa = XCConfigurationList;
			buildConfigurations = (
				BE774D911A71370100F1C5E0 /* Debug */,
				BE774D921A71370100F1C5E0 /* Release */,
			);
			defaultConfigurationIsVisible = 0;
			defaultConfigurationName = Release;
		};
		BE774D931A71370100F1C5E0 /* Build configuration list for PBXNativeTarget "JBAudioPlayerView" */ = {
			isa = XCConfigurationList;
			buildConfigurations = (
				BE774D941A71370100F1C5E0 /* Debug */,
				BE774D951A71370100F1C5E0 /* Release */,
			);
			defaultConfigurationIsVisible = 0;
			defaultConfigurationName = Release;
		};
		BE774D961A71370100F1C5E0 /* Build configuration list for PBXNativeTarget "JBAudioPlayerViewTests" */ = {
			isa = XCConfigurationList;
			buildConfigurations = (
				BE774D971A71370100F1C5E0 /* Debug */,
				BE774D981A71370100F1C5E0 /* Release */,
			);
			defaultConfigurationIsVisible = 0;
			defaultConfigurationName = Release;
		};
/* End XCConfigurationList section */
	};
	rootObject = BE774D681A71370100F1C5E0 /* Project object */;
}
